
Microsoft Visual Studio Solution File, Format Version 12.00
# Visual Studio Version 16
VisualStudioVersion = 16.0.32413.511
MinimumVisualStudioVersion = 10.0.40219.1
Project("{FAE04EC0-301F-11D3-BF4B-00C04F79EFBC}") = "Phan_Mem_Quan_Ly_Quan_Tra_Sua", "Phan_Mem_Quan_Ly_Quan_Tra_Sua.csproj", "{C6295721-04AB-4B7F-9FB9-A3C96B25EEA8}"
EndProject
Global
	GlobalSection(SolutionConfigurationPlatforms) = preSolution
		Debug|Any CPU = Debug|Any CPU
		Release|Any CPU = Release|Any CPU
	EndGlobalSection
	GlobalSection(ProjectConfigurationPlatforms) = postSolution
		{C6295721-04AB-4B7F-9FB9-A3C96B25EEA8}.Debug|Any CPU.ActiveCfg = Debug|Any CPU
		{C6295721-04AB-4B7F-9FB9-A3C96B25EEA8}.Debug|Any CPU.Build.0 = Debug|Any CPU
		{C6295721-04AB-4B7F-9FB9-A3C96B25EEA8}.Release|Any CPU.ActiveCfg = Release|Any CPU
		{C6295721-04AB-4B7F-9FB9-A3C96B25EEA8}.Release|Any CPU.Build.0 = Release|Any CPU
	EndGlobalSection
	GlobalSection(SolutionProperties) = preSolution
		HideSolutionNode = FALSE
	EndGlobalSection
	GlobalSection(ExtensibilityGlobals) = postSolution
		SolutionGuid = {032A4178-9D0D-49AF-8C54-33FAF26744BE}
	EndGlobalSection
EndGlobal
